
Microsoft Visual Studio Solution File, Format Version 12.00
# Visual Studio Version 17
VisualStudioVersion = 17.9.34622.214
MinimumVisualStudioVersion = 10.0.40219.1
Project("{FAE04EC0-301F-11D3-BF4B-00C04F79EFBC}") = "Task_GestioneVeicoli", "Task_GestioneVeicoli\Task_GestioneVeicoli.csproj", "{21C2EA69-BC51-4175-8AC1-7D6200F3816C}"
EndProject
Global
	GlobalSection(SolutionConfigurationPlatforms) = preSolution
		Debug|Any CPU = Debug|Any CPU
		Release|Any CPU = Release|Any CPU
	EndGlobalSection
	GlobalSection(ProjectConfigurationPlatforms) = postSolution
		{21C2EA69-BC51-4175-8AC1-7D6200F3816C}.Debug|Any CPU.ActiveCfg = Debug|Any CPU
		{21C2EA69-BC51-4175-8AC1-7D6200F3816C}.Debug|Any CPU.Build.0 = Debug|Any CPU
		{21C2EA69-BC51-4175-8AC1-7D6200F3816C}.Release|Any CPU.ActiveCfg = Release|Any CPU
		{21C2EA69-BC51-4175-8AC1-7D6200F3816C}.Release|Any CPU.Build.0 = Release|Any CPU
	EndGlobalSection
	GlobalSection(SolutionProperties) = preSolution
		HideSolutionNode = FALSE
	EndGlobalSection
	GlobalSection(ExtensibilityGlobals) = postSolution
		SolutionGuid = {B906945E-62FD-4512-B843-35B7F6A1DA1E}
	EndGlobalSection
EndGlobal
